
Microsoft Visual Studio Solution File, Format Version 12.00
# Visual Studio Version 17
VisualStudioVersion = 17.2.32630.192
MinimumVisualStudioVersion = 10.0.40219.1
Project("{FAE04EC0-301F-11D3-BF4B-00C04F79EFBC}") = "MDTC", "MDTC\MDTC.csproj", "{A194D303-724A-4BE0-9147-A0BA84D3050F}"
EndProject
Global
	GlobalSection(SolutionConfigurationPlatforms) = preSolution
		Debug|Any CPU = Debug|Any CPU
		Release|Any CPU = Release|Any CPU
	EndGlobalSection
	GlobalSection(ProjectConfigurationPlatforms) = postSolution
		{A194D303-724A-4BE0-9147-A0BA84D3050F}.Debug|Any CPU.ActiveCfg = Debug|Any CPU
		{A194D303-724A-4BE0-9147-A0BA84D3050F}.Debug|Any CPU.Build.0 = Debug|Any CPU
		{A194D303-724A-4BE0-9147-A0BA84D3050F}.Release|Any CPU.ActiveCfg = Release|Any CPU
		{A194D303-724A-4BE0-9147-A0BA84D3050F}.Release|Any CPU.Build.0 = Release|Any CPU
	EndGlobalSection
	GlobalSection(SolutionProperties) = preSolution
		HideSolutionNode = FALSE
	EndGlobalSection
	GlobalSection(ExtensibilityGlobals) = postSolution
		SolutionGuid = {8C0382F0-94E2-4BB4-82E6-1C027954B0C9}
	EndGlobalSection
EndGlobal
